<?xml version="1.0" encoding="utf-8"?>
<Project ToolsVersion="4.0" xmlns="http://schemas.microsoft.com/developer/msbuild/2003">
  <ItemGroup>
    <Filter Include="Source Files">
      <UniqueIdentifier>{4FC737F1-C7A5-4376-A066-2A32D752A2FF}</UniqueIdentifier>
      <Extensions>cpp;c;cc;cxx;c++;cppm;ixx;def;odl;idl;hpj;bat;asm;asmx</Extensions>
    </Filter>
    <Filter Include="Header Files">
      <UniqueIdentifier>{93995380-89BD-4b04-88EB-625FBE52EBFB}</UniqueIdentifier>
      <Extensions>h;hh;hpp;hxx;h++;hm;inl;inc;ipp;xsd</Extensions>
    </Filter>
    <Filter Include="Resource Files">
      <UniqueIdentifier>{67DA6AB6-F800-4c08-8B7A-83BB121AAD01}</UniqueIdentifier>
      <Extensions>rc;ico;cur;bmp;dlg;rc2;rct;bin;rgs;gif;jpg;jpeg;jpe;resx;tiff;tif;png;wav;mfcribbon-ms</Extensions>
    </Filter>
  </ItemGroup>
  <ItemGroup>
    <ClCompile Include="src\main.cpp">
      <Filter>Source Files</Filter>
    </ClCompile>
    <ClCompile Include="src\core\core-window.cxx">
      <Filter>Source Files</Filter>
    </ClCompile>
    <ClCompile Include="src\renderer\renderer-shader.cxx">
      <Filter>Source Files</Filter>
    </ClCompile>
    <ClCompile Include="src\listeners\listeners-mouse.cxx">
      <Filter>Source Files</Filter>
    </ClCompile>
    <ClCompile Include="src\listeners\listeners-keyboard.cxx">
      <Filter>Source Files</Filter>
    </ClCompile>
    <ClCompile Include="src\core\core-application.cxx">
      <Filter>Source Files</Filter>
    </ClCompile>
    <ClCompile Include="src\renderer\renderer-texture2d.cxx">
      <Filter>Source Files</Filter>
    </ClCompile>
    <ClCompile Include="src\renderer\renderer-sprite.cxx">
      <Filter>Source Files</Filter>
    </ClCompile>
    <ClCompile Include="src\renderer\renderer-batch.cxx">
      <Filter>Source Files</Filter>
    </ClCompile>
    <ClCompile Include="src\renderer\renderer-spritesheet.cxx">
      <Filter>Source Files</Filter>
    </ClCompile>
    <ClCompile Include="src\managers\managers-asset.cxx">
      <Filter>Source Files</Filter>
    </ClCompile>
    <ClCompile Include="src\states\states-mainmenu.cxx">
      <Filter>Source Files</Filter>
    </ClCompile>
    <ClCompile Include="src\states\states-intro.cxx">
      <Filter>Source Files</Filter>
    </ClCompile>
    <ClCompile Include="src\states\states-game.cxx">
      <Filter>Source Files</Filter>
    </ClCompile>
    <ClCompile Include="src\managers\managers-state.cxx">
      <Filter>Source Files</Filter>
    </ClCompile>
    <ClCompile Include="src\managers\managers-entity.cxx">
      <Filter>Source Files</Filter>
    </ClCompile>
    <ClCompile Include="src\states\states-credits.cxx">
      <Filter>Source Files</Filter>
    </ClCompile>
    <ClCompile Include="src\core\core-entity.cxx">
      <Filter>Source Files</Filter>
    </ClCompile>
    <ClCompile Include="src\core\core-camera2d.cxx">
      <Filter>Source Files</Filter>
    </ClCompile>
    <ClCompile Include="src\framework.ixx">
      <Filter>Source Files</Filter>
    </ClCompile>
    <ClCompile Include="src\states\states-base.cxx">
      <Filter>Source Files</Filter>
    </ClCompile>
  </ItemGroup>
  <ItemGroup>
    <None Include="shaders\base_shader.vert" />
    <None Include="shaders\base_shader.frag" />
    <None Include="shaders\test.frag" />
    <None Include="shaders\test.vert" />
  </ItemGroup>
</Project>